
Microsoft Visual Studio Solution File, Format Version 12.00
# Visual Studio 15
VisualStudioVersion = 15.0.27004.2010
MinimumVisualStudioVersion = 10.0.40219.1
Project("{FAE04EC0-301F-11D3-BF4B-00C04F79EFBC}") = "CSharp", "CSharp\CSharp.csproj", "{937127E3-D143-4A8C-B570-2950B4E1024D}"
EndProject
Project("{FAE04EC0-301F-11D3-BF4B-00C04F79EFBC}") = "Csharp.Tests", "Csharp.Tests\Csharp.Tests.csproj", "{9EA156B6-5A76-46CE-BB9A-09C01C614753}"
EndProject
Global
	GlobalSection(SolutionConfigurationPlatforms) = preSolution
		Debug|Any CPU = Debug|Any CPU
		Release|Any CPU = Release|Any CPU
	EndGlobalSection
	GlobalSection(ProjectConfigurationPlatforms) = postSolution
		{937127E3-D143-4A8C-B570-2950B4E1024D}.Debug|Any CPU.ActiveCfg = Debug|Any CPU
		{937127E3-D143-4A8C-B570-2950B4E1024D}.Debug|Any CPU.Build.0 = Debug|Any CPU
		{937127E3-D143-4A8C-B570-2950B4E1024D}.Release|Any CPU.ActiveCfg = Release|Any CPU
		{937127E3-D143-4A8C-B570-2950B4E1024D}.Release|Any CPU.Build.0 = Release|Any CPU
		{9EA156B6-5A76-46CE-BB9A-09C01C614753}.Debug|Any CPU.ActiveCfg = Debug|Any CPU
		{9EA156B6-5A76-46CE-BB9A-09C01C614753}.Debug|Any CPU.Build.0 = Debug|Any CPU
		{9EA156B6-5A76-46CE-BB9A-09C01C614753}.Release|Any CPU.ActiveCfg = Release|Any CPU
		{9EA156B6-5A76-46CE-BB9A-09C01C614753}.Release|Any CPU.Build.0 = Release|Any CPU
	EndGlobalSection
	GlobalSection(SolutionProperties) = preSolution
		HideSolutionNode = FALSE
	EndGlobalSection
	GlobalSection(ExtensibilityGlobals) = postSolution
		SolutionGuid = {1E86D86C-82F8-4172-8F54-23DF346D32FC}
	EndGlobalSection
EndGlobal
